
Microsoft Visual Studio Solution File, Format Version 12.00
# Visual Studio Version 17
VisualStudioVersion = 17.2.32526.322
MinimumVisualStudioVersion = 10.0.40219.1
Project("{9A19103F-16F7-4668-BE54-9A1E7A4F7556}") = "DEXS.Security.DataProtection", "src\DEXS.Security.DataProtection.csproj", "{903394B9-3712-44D1-A51B-4E83B40AF923}"
EndProject
Project("{2150E333-8FDC-42A3-9474-1A3956D46DE8}") = "Solution Items", "Solution Items", "{76CFDC8B-C40F-4E0F-977E-7A719C5D8934}"
	ProjectSection(SolutionItems) = preProject
		.gitignore = .gitignore
		README.md = README.md
	EndProjectSection
EndProject
Project("{FAE04EC0-301F-11D3-BF4B-00C04F79EFBC}") = "DEXS.Security.DataProtection.Tests", "tests\DEXS.Security.DataProtection.Tests\DEXS.Security.DataProtection.Tests.csproj", "{290065E7-FA50-4FA6-A4CE-2D662DFE35FD}"
EndProject
Global
	GlobalSection(SolutionConfigurationPlatforms) = preSolution
		Debug|Any CPU = Debug|Any CPU
		Release|Any CPU = Release|Any CPU
	EndGlobalSection
	GlobalSection(ProjectConfigurationPlatforms) = postSolution
		{903394B9-3712-44D1-A51B-4E83B40AF923}.Debug|Any CPU.ActiveCfg = Debug|Any CPU
		{903394B9-3712-44D1-A51B-4E83B40AF923}.Debug|Any CPU.Build.0 = Debug|Any CPU
		{903394B9-3712-44D1-A51B-4E83B40AF923}.Release|Any CPU.ActiveCfg = Release|Any CPU
		{903394B9-3712-44D1-A51B-4E83B40AF923}.Release|Any CPU.Build.0 = Release|Any CPU
		{290065E7-FA50-4FA6-A4CE-2D662DFE35FD}.Debug|Any CPU.ActiveCfg = Debug|Any CPU
		{290065E7-FA50-4FA6-A4CE-2D662DFE35FD}.Debug|Any CPU.Build.0 = Debug|Any CPU
		{290065E7-FA50-4FA6-A4CE-2D662DFE35FD}.Release|Any CPU.ActiveCfg = Release|Any CPU
		{290065E7-FA50-4FA6-A4CE-2D662DFE35FD}.Release|Any CPU.Build.0 = Release|Any CPU
	EndGlobalSection
	GlobalSection(SolutionProperties) = preSolution
		HideSolutionNode = FALSE
	EndGlobalSection
	GlobalSection(ExtensibilityGlobals) = postSolution
		SolutionGuid = {ED11A069-4681-4060-A1C5-ABCA7BC0D4AB}
	EndGlobalSection
EndGlobal
